
Microsoft Visual Studio Solution File, Format Version 12.00
# Visual Studio Version 17
VisualStudioVersion = 17.9.34622.214
MinimumVisualStudioVersion = 10.0.40219.1
Project("{8BC9CEB8-8B4A-11D0-8D11-00A0C91BC942}") = "LAB_7.3_REC", "LAB_7.3_REC\LAB_7.3_REC.vcxproj", "{8FE1F27C-943B-4537-8C4C-60A054EEF2B9}"
EndProject
Project("{8BC9CEB8-8B4A-11D0-8D11-00A0C91BC942}") = "UnitTest", "UnitTest\UnitTest.vcxproj", "{77E3CA4E-11DB-4635-970A-F4880F3F068D}"
EndProject
Global
	GlobalSection(SolutionConfigurationPlatforms) = preSolution
		Debug|ARM64 = Debug|ARM64
		Debug|x64 = Debug|x64
		Debug|x86 = Debug|x86
		Release|ARM64 = Release|ARM64
		Release|x64 = Release|x64
		Release|x86 = Release|x86
	EndGlobalSection
	GlobalSection(ProjectConfigurationPlatforms) = postSolution
		{8FE1F27C-943B-4537-8C4C-60A054EEF2B9}.Debug|ARM64.ActiveCfg = Debug|ARM64
		{8FE1F27C-943B-4537-8C4C-60A054EEF2B9}.Debug|ARM64.Build.0 = Debug|ARM64
		{8FE1F27C-943B-4537-8C4C-60A054EEF2B9}.Debug|x64.ActiveCfg = Debug|x64
		{8FE1F27C-943B-4537-8C4C-60A054EEF2B9}.Debug|x64.Build.0 = Debug|x64
		{8FE1F27C-943B-4537-8C4C-60A054EEF2B9}.Debug|x86.ActiveCfg = Debug|Win32
		{8FE1F27C-943B-4537-8C4C-60A054EEF2B9}.Debug|x86.Build.0 = Debug|Win32
		{8FE1F27C-943B-4537-8C4C-60A054EEF2B9}.Release|ARM64.ActiveCfg = Release|ARM64
		{8FE1F27C-943B-4537-8C4C-60A054EEF2B9}.Release|ARM64.Build.0 = Release|ARM64
		{8FE1F27C-943B-4537-8C4C-60A054EEF2B9}.Release|x64.ActiveCfg = Release|x64
		{8FE1F27C-943B-4537-8C4C-60A054EEF2B9}.Release|x64.Build.0 = Release|x64
		{8FE1F27C-943B-4537-8C4C-60A054EEF2B9}.Release|x86.ActiveCfg = Release|Win32
		{8FE1F27C-943B-4537-8C4C-60A054EEF2B9}.Release|x86.Build.0 = Release|Win32
		{77E3CA4E-11DB-4635-970A-F4880F3F068D}.Debug|ARM64.ActiveCfg = Debug|ARM64
		{77E3CA4E-11DB-4635-970A-F4880F3F068D}.Debug|ARM64.Build.0 = Debug|ARM64
		{77E3CA4E-11DB-4635-970A-F4880F3F068D}.Debug|x64.ActiveCfg = Debug|x64
		{77E3CA4E-11DB-4635-970A-F4880F3F068D}.Debug|x64.Build.0 = Debug|x64
		{77E3CA4E-11DB-4635-970A-F4880F3F068D}.Debug|x86.ActiveCfg = Debug|Win32
		{77E3CA4E-11DB-4635-970A-F4880F3F068D}.Debug|x86.Build.0 = Debug|Win32
		{77E3CA4E-11DB-4635-970A-F4880F3F068D}.Release|ARM64.ActiveCfg = Release|ARM64
		{77E3CA4E-11DB-4635-970A-F4880F3F068D}.Release|ARM64.Build.0 = Release|ARM64
		{77E3CA4E-11DB-4635-970A-F4880F3F068D}.Release|x64.ActiveCfg = Release|x64
		{77E3CA4E-11DB-4635-970A-F4880F3F068D}.Release|x64.Build.0 = Release|x64
		{77E3CA4E-11DB-4635-970A-F4880F3F068D}.Release|x86.ActiveCfg = Release|Win32
		{77E3CA4E-11DB-4635-970A-F4880F3F068D}.Release|x86.Build.0 = Release|Win32
	EndGlobalSection
	GlobalSection(SolutionProperties) = preSolution
		HideSolutionNode = FALSE
	EndGlobalSection
	GlobalSection(ExtensibilityGlobals) = postSolution
		SolutionGuid = {75CE696B-673A-4FDE-93D7-5B52CD938D31}
	EndGlobalSection
EndGlobal
